{
  "name": "@charmverse/core",
  "version": "1.0.0",
  "lockfileVersion": 2,
  "requires": true,
  "packages": {
    "": {
      "name": "@charmverse/core",
      "version": "1.0.0",
      "hasInstallScript": true,
      "license": "ISC",
      "dependencies": {
        "@prisma/client": "^4.12.0",
        "ethers": "^6.2.3",
        "lodash": "^4.17.21",
        "nanoid": "^4.0.2",
        "nanoid-dictionary": "^4.3.0",
        "uuid": "^9.0.0"
      },
      "devDependencies": {
        "@types/lodash": "^4.14.192",
        "@types/nanoid-dictionary": "^4.2.0",
        "@types/uuid": "^9.0.1",
        "prisma": "^4.12.0"
      }
    },
    "node_modules/@adraffy/ens-normalize": {
      "version": "1.9.0",
      "resolved": "https://registry.npmjs.org/@adraffy/ens-normalize/-/ens-normalize-1.9.0.tgz",
      "integrity": "sha512-iowxq3U30sghZotgl4s/oJRci6WPBfNO5YYgk2cIOMCHr3LeGPcsZjCEr+33Q4N+oV3OABDAtA+pyvWjbvBifQ=="
    },
    "node_modules/@noble/hashes": {
      "version": "1.1.2",
      "resolved": "https://registry.npmjs.org/@noble/hashes/-/hashes-1.1.2.tgz",
      "integrity": "sha512-KYRCASVTv6aeUi1tsF8/vpyR7zpfs3FUzy2Jqm+MU+LmUKhQ0y2FpfwqkCcxSg2ua4GALJd8k2R76WxwZGbQpA==",
      "funding": [
        {
          "type": "individual",
          "url": "https://paulmillr.com/funding/"
        }
      ]
    },
    "node_modules/@noble/secp256k1": {
      "version": "1.7.1",
      "resolved": "https://registry.npmjs.org/@noble/secp256k1/-/secp256k1-1.7.1.tgz",
      "integrity": "sha512-hOUk6AyBFmqVrv7k5WAw/LpszxVbj9gGN4JRkIX52fdFAj1UA61KXmZDvqVEm+pOyec3+fIeZB02LYa/pWOArw==",
      "funding": [
        {
          "type": "individual",
          "url": "https://paulmillr.com/funding/"
        }
      ]
    },
    "node_modules/@prisma/client": {
      "version": "4.12.0",
      "resolved": "https://registry.npmjs.org/@prisma/client/-/client-4.12.0.tgz",
      "integrity": "sha512-j9/ighfWwux97J2dS15nqhl60tYoH8V0IuSsgZDb6bCFcQD3fXbXmxjYC8GHhIgOk3lB7Pq+8CwElz2MiDpsSg==",
      "hasInstallScript": true,
      "dependencies": {
        "@prisma/engines-version": "4.12.0-67.659ef412370fa3b41cd7bf6e94587c1dfb7f67e7"
      },
      "engines": {
        "node": ">=14.17"
      },
      "peerDependencies": {
        "prisma": "*"
      },
      "peerDependenciesMeta": {
        "prisma": {
          "optional": true
        }
      }
    },
    "node_modules/@prisma/engines": {
      "version": "4.12.0",
      "resolved": "https://registry.npmjs.org/@prisma/engines/-/engines-4.12.0.tgz",
      "integrity": "sha512-0alKtnxhNB5hYU+ymESBlGI4b9XrGGSdv7Ud+8TE/fBNOEhIud0XQsAR+TrvUZgS4na5czubiMsODw0TUrgkIA==",
      "devOptional": true,
      "hasInstallScript": true
    },
    "node_modules/@prisma/engines-version": {
      "version": "4.12.0-67.659ef412370fa3b41cd7bf6e94587c1dfb7f67e7",
      "resolved": "https://registry.npmjs.org/@prisma/engines-version/-/engines-version-4.12.0-67.659ef412370fa3b41cd7bf6e94587c1dfb7f67e7.tgz",
      "integrity": "sha512-JIHNj5jlXb9mcaJwakM0vpgRYJIAurxTUqM0iX0tfEQA5XLZ9ONkIckkhuAKdAzocZ+80GYg7QSsfpjg7OxbOA=="
    },
    "node_modules/@types/lodash": {
      "version": "4.14.192",
      "resolved": "https://registry.npmjs.org/@types/lodash/-/lodash-4.14.192.tgz",
      "integrity": "sha512-km+Vyn3BYm5ytMO13k9KTp27O75rbQ0NFw+U//g+PX7VZyjCioXaRFisqSIJRECljcTv73G3i6BpglNGHgUQ5A==",
      "dev": true
    },
    "node_modules/@types/nanoid-dictionary": {
      "version": "4.2.0",
      "resolved": "https://registry.npmjs.org/@types/nanoid-dictionary/-/nanoid-dictionary-4.2.0.tgz",
      "integrity": "sha512-DyQddKC2AYsInXBMqKSwhom4gpouV8SF1smsCPSzR8hp20vZJ5o5Yxg7qXThCHwr/H6VMq01UArEGbF0q2FXig==",
      "dev": true
    },
    "node_modules/@types/uuid": {
      "version": "9.0.1",
      "resolved": "https://registry.npmjs.org/@types/uuid/-/uuid-9.0.1.tgz",
      "integrity": "sha512-rFT3ak0/2trgvp4yYZo5iKFEPsET7vKydKF+VRCxlQ9bpheehyAJH89dAkaLEq/j/RZXJIqcgsmPJKUP1Z28HA==",
      "dev": true
    },
    "node_modules/aes-js": {
      "version": "4.0.0-beta.3",
      "resolved": "https://registry.npmjs.org/aes-js/-/aes-js-4.0.0-beta.3.tgz",
      "integrity": "sha512-/xJX0/VTPcbc5xQE2VUP91y1xN8q/rDfhEzLm+vLc3hYvb5+qHCnpJRuFcrKn63zumK/sCwYYzhG8HP78JYSTA=="
    },
    "node_modules/ethers": {
      "version": "6.2.3",
      "resolved": "https://registry.npmjs.org/ethers/-/ethers-6.2.3.tgz",
      "integrity": "sha512-l1Z/Yr+HrOk+7LTeYRHGMvYwVLGpTuVrT/kJ7Kagi3nekGISYILIby0f1ipV9BGzgERyy+w4emH+d3PhhcxIfA==",
      "funding": [
        {
          "type": "individual",
          "url": "https://github.com/sponsors/ethers-io/"
        },
        {
          "type": "individual",
          "url": "https://www.buymeacoffee.com/ricmoo"
        }
      ],
      "dependencies": {
        "@adraffy/ens-normalize": "1.9.0",
        "@noble/hashes": "1.1.2",
        "@noble/secp256k1": "1.7.1",
        "aes-js": "4.0.0-beta.3",
        "tslib": "2.4.0",
        "ws": "8.5.0"
      },
      "engines": {
        "node": ">=14.0.0"
      }
    },
    "node_modules/lodash": {
      "version": "4.17.21",
      "resolved": "https://registry.npmjs.org/lodash/-/lodash-4.17.21.tgz",
      "integrity": "sha512-v2kDEe57lecTulaDIuNTPy3Ry4gLGJ6Z1O3vE1krgXZNrsQ+LFTGHVxVjcXPs17LhbZVGedAJv8XZ1tvj5FvSg=="
    },
    "node_modules/nanoid": {
      "version": "4.0.2",
      "resolved": "https://registry.npmjs.org/nanoid/-/nanoid-4.0.2.tgz",
      "integrity": "sha512-7ZtY5KTCNheRGfEFxnedV5zFiORN1+Y1N6zvPTnHQd8ENUvfaDBeuJDZb2bN/oXwXxu3qkTXDzy57W5vAmDTBw==",
      "funding": [
        {
          "type": "github",
          "url": "https://github.com/sponsors/ai"
        }
      ],
      "bin": {
        "nanoid": "bin/nanoid.js"
      },
      "engines": {
        "node": "^14 || ^16 || >=18"
      }
    },
    "node_modules/nanoid-dictionary": {
      "version": "4.3.0",
      "resolved": "https://registry.npmjs.org/nanoid-dictionary/-/nanoid-dictionary-4.3.0.tgz",
      "integrity": "sha512-Xw1+/QnRGWO1KJ0rLfU1xR85qXmAHyLbE3TUkklu9gOIDburP6CsUnLmTaNECGpBh5SHb2uPFmx0VT8UPyoeyw=="
    },
    "node_modules/prisma": {
      "version": "4.12.0",
      "resolved": "https://registry.npmjs.org/prisma/-/prisma-4.12.0.tgz",
      "integrity": "sha512-xqVper4mbwl32BWzLpdznHAYvYDWQQWK2tBfXjdUD397XaveRyAP7SkBZ6kFlIg8kKayF4hvuaVtYwXd9BodAg==",
      "devOptional": true,
      "hasInstallScript": true,
      "dependencies": {
        "@prisma/engines": "4.12.0"
      },
      "bin": {
        "prisma": "build/index.js",
        "prisma2": "build/index.js"
      },
      "engines": {
        "node": ">=14.17"
      }
    },
    "node_modules/tslib": {
      "version": "2.4.0",
      "resolved": "https://registry.npmjs.org/tslib/-/tslib-2.4.0.tgz",
      "integrity": "sha512-d6xOpEDfsi2CZVlPQzGeux8XMwLT9hssAsaPYExaQMuYskwb+x1x7J371tWlbBdWHroy99KnVB6qIkUbs5X3UQ=="
    },
    "node_modules/uuid": {
      "version": "9.0.0",
      "resolved": "https://registry.npmjs.org/uuid/-/uuid-9.0.0.tgz",
      "integrity": "sha512-MXcSTerfPa4uqyzStbRoTgt5XIe3x5+42+q1sDuy3R5MDk66URdLMOZe5aPX/SQd+kuYAh0FdP/pO28IkQyTeg==",
      "bin": {
        "uuid": "dist/bin/uuid"
      }
    },
    "node_modules/ws": {
      "version": "8.5.0",
      "resolved": "https://registry.npmjs.org/ws/-/ws-8.5.0.tgz",
      "integrity": "sha512-BWX0SWVgLPzYwF8lTzEy1egjhS4S4OEAHfsO8o65WOVsrnSRGaSiUaa9e0ggGlkMTtBlmOpEXiie9RUcBO86qg==",
      "engines": {
        "node": ">=10.0.0"
      },
      "peerDependencies": {
        "bufferutil": "^4.0.1",
        "utf-8-validate": "^5.0.2"
      },
      "peerDependenciesMeta": {
        "bufferutil": {
          "optional": true
        },
        "utf-8-validate": {
          "optional": true
        }
      }
    }
  },
  "dependencies": {
    "@adraffy/ens-normalize": {
      "version": "1.9.0",
      "resolved": "https://registry.npmjs.org/@adraffy/ens-normalize/-/ens-normalize-1.9.0.tgz",
      "integrity": "sha512-iowxq3U30sghZotgl4s/oJRci6WPBfNO5YYgk2cIOMCHr3LeGPcsZjCEr+33Q4N+oV3OABDAtA+pyvWjbvBifQ=="
    },
    "@noble/hashes": {
      "version": "1.1.2",
      "resolved": "https://registry.npmjs.org/@noble/hashes/-/hashes-1.1.2.tgz",
      "integrity": "sha512-KYRCASVTv6aeUi1tsF8/vpyR7zpfs3FUzy2Jqm+MU+LmUKhQ0y2FpfwqkCcxSg2ua4GALJd8k2R76WxwZGbQpA=="
    },
    "@noble/secp256k1": {
      "version": "1.7.1",
      "resolved": "https://registry.npmjs.org/@noble/secp256k1/-/secp256k1-1.7.1.tgz",
      "integrity": "sha512-hOUk6AyBFmqVrv7k5WAw/LpszxVbj9gGN4JRkIX52fdFAj1UA61KXmZDvqVEm+pOyec3+fIeZB02LYa/pWOArw=="
    },
    "@prisma/client": {
      "version": "4.12.0",
      "resolved": "https://registry.npmjs.org/@prisma/client/-/client-4.12.0.tgz",
      "integrity": "sha512-j9/ighfWwux97J2dS15nqhl60tYoH8V0IuSsgZDb6bCFcQD3fXbXmxjYC8GHhIgOk3lB7Pq+8CwElz2MiDpsSg==",
      "requires": {
        "@prisma/engines-version": "4.12.0-67.659ef412370fa3b41cd7bf6e94587c1dfb7f67e7"
      }
    },
    "@prisma/engines": {
      "version": "4.12.0",
      "resolved": "https://registry.npmjs.org/@prisma/engines/-/engines-4.12.0.tgz",
      "integrity": "sha512-0alKtnxhNB5hYU+ymESBlGI4b9XrGGSdv7Ud+8TE/fBNOEhIud0XQsAR+TrvUZgS4na5czubiMsODw0TUrgkIA==",
      "devOptional": true
    },
    "@prisma/engines-version": {
      "version": "4.12.0-67.659ef412370fa3b41cd7bf6e94587c1dfb7f67e7",
      "resolved": "https://registry.npmjs.org/@prisma/engines-version/-/engines-version-4.12.0-67.659ef412370fa3b41cd7bf6e94587c1dfb7f67e7.tgz",
      "integrity": "sha512-JIHNj5jlXb9mcaJwakM0vpgRYJIAurxTUqM0iX0tfEQA5XLZ9ONkIckkhuAKdAzocZ+80GYg7QSsfpjg7OxbOA=="
    },
    "@types/lodash": {
      "version": "4.14.192",
      "resolved": "https://registry.npmjs.org/@types/lodash/-/lodash-4.14.192.tgz",
      "integrity": "sha512-km+Vyn3BYm5ytMO13k9KTp27O75rbQ0NFw+U//g+PX7VZyjCioXaRFisqSIJRECljcTv73G3i6BpglNGHgUQ5A==",
      "dev": true
    },
    "@types/nanoid-dictionary": {
      "version": "4.2.0",
      "resolved": "https://registry.npmjs.org/@types/nanoid-dictionary/-/nanoid-dictionary-4.2.0.tgz",
      "integrity": "sha512-DyQddKC2AYsInXBMqKSwhom4gpouV8SF1smsCPSzR8hp20vZJ5o5Yxg7qXThCHwr/H6VMq01UArEGbF0q2FXig==",
      "dev": true
    },
    "@types/uuid": {
      "version": "9.0.1",
      "resolved": "https://registry.npmjs.org/@types/uuid/-/uuid-9.0.1.tgz",
      "integrity": "sha512-rFT3ak0/2trgvp4yYZo5iKFEPsET7vKydKF+VRCxlQ9bpheehyAJH89dAkaLEq/j/RZXJIqcgsmPJKUP1Z28HA==",
      "dev": true
    },
    "aes-js": {
      "version": "4.0.0-beta.3",
      "resolved": "https://registry.npmjs.org/aes-js/-/aes-js-4.0.0-beta.3.tgz",
      "integrity": "sha512-/xJX0/VTPcbc5xQE2VUP91y1xN8q/rDfhEzLm+vLc3hYvb5+qHCnpJRuFcrKn63zumK/sCwYYzhG8HP78JYSTA=="
    },
    "ethers": {
      "version": "6.2.3",
      "resolved": "https://registry.npmjs.org/ethers/-/ethers-6.2.3.tgz",
      "integrity": "sha512-l1Z/Yr+HrOk+7LTeYRHGMvYwVLGpTuVrT/kJ7Kagi3nekGISYILIby0f1ipV9BGzgERyy+w4emH+d3PhhcxIfA==",
      "requires": {
        "@adraffy/ens-normalize": "1.9.0",
        "@noble/hashes": "1.1.2",
        "@noble/secp256k1": "1.7.1",
        "aes-js": "4.0.0-beta.3",
        "tslib": "2.4.0",
        "ws": "8.5.0"
      }
    },
    "lodash": {
      "version": "4.17.21",
      "resolved": "https://registry.npmjs.org/lodash/-/lodash-4.17.21.tgz",
      "integrity": "sha512-v2kDEe57lecTulaDIuNTPy3Ry4gLGJ6Z1O3vE1krgXZNrsQ+LFTGHVxVjcXPs17LhbZVGedAJv8XZ1tvj5FvSg=="
    },
    "nanoid": {
      "version": "4.0.2",
      "resolved": "https://registry.npmjs.org/nanoid/-/nanoid-4.0.2.tgz",
      "integrity": "sha512-7ZtY5KTCNheRGfEFxnedV5zFiORN1+Y1N6zvPTnHQd8ENUvfaDBeuJDZb2bN/oXwXxu3qkTXDzy57W5vAmDTBw=="
    },
    "nanoid-dictionary": {
      "version": "4.3.0",
      "resolved": "https://registry.npmjs.org/nanoid-dictionary/-/nanoid-dictionary-4.3.0.tgz",
      "integrity": "sha512-Xw1+/QnRGWO1KJ0rLfU1xR85qXmAHyLbE3TUkklu9gOIDburP6CsUnLmTaNECGpBh5SHb2uPFmx0VT8UPyoeyw=="
    },
    "prisma": {
      "version": "4.12.0",
      "resolved": "https://registry.npmjs.org/prisma/-/prisma-4.12.0.tgz",
      "integrity": "sha512-xqVper4mbwl32BWzLpdznHAYvYDWQQWK2tBfXjdUD397XaveRyAP7SkBZ6kFlIg8kKayF4hvuaVtYwXd9BodAg==",
      "devOptional": true,
      "requires": {
        "@prisma/engines": "4.12.0"
      }
    },
    "tslib": {
      "version": "2.4.0",
      "resolved": "https://registry.npmjs.org/tslib/-/tslib-2.4.0.tgz",
      "integrity": "sha512-d6xOpEDfsi2CZVlPQzGeux8XMwLT9hssAsaPYExaQMuYskwb+x1x7J371tWlbBdWHroy99KnVB6qIkUbs5X3UQ=="
    },
    "uuid": {
      "version": "9.0.0",
      "resolved": "https://registry.npmjs.org/uuid/-/uuid-9.0.0.tgz",
      "integrity": "sha512-MXcSTerfPa4uqyzStbRoTgt5XIe3x5+42+q1sDuy3R5MDk66URdLMOZe5aPX/SQd+kuYAh0FdP/pO28IkQyTeg=="
    },
    "ws": {
      "version": "8.5.0",
      "resolved": "https://registry.npmjs.org/ws/-/ws-8.5.0.tgz",
      "integrity": "sha512-BWX0SWVgLPzYwF8lTzEy1egjhS4S4OEAHfsO8o65WOVsrnSRGaSiUaa9e0ggGlkMTtBlmOpEXiie9RUcBO86qg==",
      "requires": {}
    }
  }
}
